// !$*UTF8*$!
{
	archiveVersion = 1;
	classes = {
	};
	objectVersion = 55;
	objects = {

/* Begin PBXBuildFile section */
		BC08FC40275B7BC10065935C /* Group.swift in Sources */ = {isa = PBXBuildFile; fileRef = BC08FC3F275B7BC10065935C /* Group.swift */; };
		BC08FC42275B7BCB0065935C /* User.swift in Sources */ = {isa = PBXBuildFile; fileRef = BC08FC41275B7BCB0065935C /* User.swift */; };
		BC08FC46275B7FA70065935C /* App.swift in Sources */ = {isa = PBXBuildFile; fileRef = BC08FC45275B7FA70065935C /* App.swift */; };
		BC08FC48275B7FFC0065935C /* UsersListView.swift in Sources */ = {isa = PBXBuildFile; fileRef = BC08FC47275B7FFC0065935C /* UsersListView.swift */; };
		BC08FC4C275B80530065935C /* GroupsListView.swift in Sources */ = {isa = PBXBuildFile; fileRef = BC08FC4B275B80530065935C /* GroupsListView.swift */; };
		BC08FC4E275B83570065935C /* UIApplications+Extensions.swift in Sources */ = {isa = PBXBuildFile; fileRef = BC08FC4D275B83570065935C /* UIApplications+Extensions.swift */; };
		BC08FC50275B84C50065935C /* MainView.swift in Sources */ = {isa = PBXBuildFile; fileRef = BC08FC4F275B84C50065935C /* MainView.swift */; };
		BC08FC52275B85F80065935C /* NewsListView.swift in Sources */ = {isa = PBXBuildFile; fileRef = BC08FC51275B85F80065935C /* NewsListView.swift */; };
		BC08FC55275B884F0065935C /* FillingDataArrays.swift in Sources */ = {isa = PBXBuildFile; fileRef = BC08FC54275B884F0065935C /* FillingDataArrays.swift */; };
		BC08FC57275B88AD0065935C /* News.swift in Sources */ = {isa = PBXBuildFile; fileRef = BC08FC56275B88AD0065935C /* News.swift */; };
		BC08FC59275B903A0065935C /* UserCollection.swift in Sources */ = {isa = PBXBuildFile; fileRef = BC08FC58275B903A0065935C /* UserCollection.swift */; };
		BC215D36275B92B9005D79F8 /* AvatarIconModifier.swift in Sources */ = {isa = PBXBuildFile; fileRef = BC215D35275B92B9005D79F8 /* AvatarIconModifier.swift */; };
		BC215D39275B9354005D79F8 /* CellFrameViewModifier.swift in Sources */ = {isa = PBXBuildFile; fileRef = BC215D38275B9354005D79F8 /* CellFrameViewModifier.swift */; };
		BC215D3B275B9901005D79F8 /* UserSections.swift in Sources */ = {isa = PBXBuildFile; fileRef = BC215D3A275B9901005D79F8 /* UserSections.swift */; };
		BC215D3D275BA176005D79F8 /* UserHeaderSection.swift in Sources */ = {isa = PBXBuildFile; fileRef = BC215D3C275BA176005D79F8 /* UserHeaderSection.swift */; };
		BC215D3F275BA368005D79F8 /* UserCellWithSections.swift in Sources */ = {isa = PBXBuildFile; fileRef = BC215D3E275BA368005D79F8 /* UserCellWithSections.swift */; };
		BC35E6F52750BE6B00BB1BA6 /* SwiftUI_GB_HomeWorkApp.swift in Sources */ = {isa = PBXBuildFile; fileRef = BC35E6F42750BE6B00BB1BA6 /* SwiftUI_GB_HomeWorkApp.swift */; };
		BC35E6F72750BE6B00BB1BA6 /* LoginView.swift in Sources */ = {isa = PBXBuildFile; fileRef = BC35E6F62750BE6B00BB1BA6 /* LoginView.swift */; };
		BC35E6F92750BE6D00BB1BA6 /* Assets.xcassets in Resources */ = {isa = PBXBuildFile; fileRef = BC35E6F82750BE6D00BB1BA6 /* Assets.xcassets */; };
		BC35E6FC2750BE6D00BB1BA6 /* Preview Assets.xcassets in Resources */ = {isa = PBXBuildFile; fileRef = BC35E6FB2750BE6D00BB1BA6 /* Preview Assets.xcassets */; };
		BC35E70727589EF100BB1BA6 /* GroupCell.swift in Sources */ = {isa = PBXBuildFile; fileRef = BC35E70627589EF100BB1BA6 /* GroupCell.swift */; };
		BC35E7092758B42B00BB1BA6 /* UserCell.swift in Sources */ = {isa = PBXBuildFile; fileRef = BC35E7082758B42B00BB1BA6 /* UserCell.swift */; };
/* End PBXBuildFile section */

/* Begin PBXFileReference section */
		BC08FC3F275B7BC10065935C /* Group.swift */ = {isa = PBXFileReference; lastKnownFileType = sourcecode.swift; path = Group.swift; sourceTree = "<group>"; };
		BC08FC41275B7BCB0065935C /* User.swift */ = {isa = PBXFileReference; lastKnownFileType = sourcecode.swift; path = User.swift; sourceTree = "<group>"; };
		BC08FC45275B7FA70065935C /* App.swift */ = {isa = PBXFileReference; lastKnownFileType = sourcecode.swift; path = App.swift; sourceTree = "<group>"; };
		BC08FC47275B7FFC0065935C /* UsersListView.swift */ = {isa = PBXFileReference; lastKnownFileType = sourcecode.swift; path = UsersListView.swift; sourceTree = "<group>"; };
		BC08FC4B275B80530065935C /* GroupsListView.swift */ = {isa = PBXFileReference; lastKnownFileType = sourcecode.swift; path = GroupsListView.swift; sourceTree = "<group>"; };
		BC08FC4D275B83570065935C /* UIApplications+Extensions.swift */ = {isa = PBXFileReference; fileEncoding = 4; lastKnownFileType = sourcecode.swift; path = "UIApplications+Extensions.swift"; sourceTree = "<group>"; };
		BC08FC4F275B84C50065935C /* MainView.swift */ = {isa = PBXFileReference; lastKnownFileType = sourcecode.swift; path = MainView.swift; sourceTree = "<group>"; };
		BC08FC51275B85F80065935C /* NewsListView.swift */ = {isa = PBXFileReference; lastKnownFileType = sourcecode.swift; path = NewsListView.swift; sourceTree = "<group>"; };
		BC08FC54275B884F0065935C /* FillingDataArrays.swift */ = {isa = PBXFileReference; lastKnownFileType = sourcecode.swift; path = FillingDataArrays.swift; sourceTree = "<group>"; };
		BC08FC56275B88AD0065935C /* News.swift */ = {isa = PBXFileReference; lastKnownFileType = sourcecode.swift; path = News.swift; sourceTree = "<group>"; };
		BC08FC58275B903A0065935C /* UserCollection.swift */ = {isa = PBXFileReference; lastKnownFileType = sourcecode.swift; path = UserCollection.swift; sourceTree = "<group>"; };
		BC215D35275B92B9005D79F8 /* AvatarIconModifier.swift */ = {isa = PBXFileReference; lastKnownFileType = sourcecode.swift; path = AvatarIconModifier.swift; sourceTree = "<group>"; };
		BC215D38275B9354005D79F8 /* CellFrameViewModifier.swift */ = {isa = PBXFileReference; lastKnownFileType = sourcecode.swift; path = CellFrameViewModifier.swift; sourceTree = "<group>"; };
		BC215D3A275B9901005D79F8 /* UserSections.swift */ = {isa = PBXFileReference; lastKnownFileType = sourcecode.swift; path = UserSections.swift; sourceTree = "<group>"; };
		BC215D3C275BA176005D79F8 /* UserHeaderSection.swift */ = {isa = PBXFileReference; lastKnownFileType = sourcecode.swift; path = UserHeaderSection.swift; sourceTree = "<group>"; };
		BC215D3E275BA368005D79F8 /* UserCellWithSections.swift */ = {isa = PBXFileReference; lastKnownFileType = sourcecode.swift; path = UserCellWithSections.swift; sourceTree = "<group>"; };
		BC35E6F12750BE6B00BB1BA6 /* SwiftUI_GB_HomeWork.app */ = {isa = PBXFileReference; explicitFileType = wrapper.application; includeInIndex = 0; path = SwiftUI_GB_HomeWork.app; sourceTree = BUILT_PRODUCTS_DIR; };
		BC35E6F42750BE6B00BB1BA6 /* SwiftUI_GB_HomeWorkApp.swift */ = {isa = PBXFileReference; lastKnownFileType = sourcecode.swift; path = SwiftUI_GB_HomeWorkApp.swift; sourceTree = "<group>"; };
		BC35E6F62750BE6B00BB1BA6 /* LoginView.swift */ = {isa = PBXFileReference; lastKnownFileType = sourcecode.swift; path = LoginView.swift; sourceTree = "<group>"; };
		BC35E6F82750BE6D00BB1BA6 /* Assets.xcassets */ = {isa = PBXFileReference; lastKnownFileType = folder.assetcatalog; path = Assets.xcassets; sourceTree = "<group>"; };
		BC35E6FB2750BE6D00BB1BA6 /* Preview Assets.xcassets */ = {isa = PBXFileReference; lastKnownFileType = folder.assetcatalog; path = "Preview Assets.xcassets"; sourceTree = "<group>"; };
		BC35E70627589EF100BB1BA6 /* GroupCell.swift */ = {isa = PBXFileReference; lastKnownFileType = sourcecode.swift; path = GroupCell.swift; sourceTree = "<group>"; };
		BC35E7082758B42B00BB1BA6 /* UserCell.swift */ = {isa = PBXFileReference; lastKnownFileType = sourcecode.swift; path = UserCell.swift; sourceTree = "<group>"; };
/* End PBXFileReference section */

/* Begin PBXFrameworksBuildPhase section */
		BC35E6EE2750BE6B00BB1BA6 /* Frameworks */ = {
			isa = PBXFrameworksBuildPhase;
			buildActionMask = 2147483647;
			files = (
			);
			runOnlyForDeploymentPostprocessing = 0;
		};
/* End PBXFrameworksBuildPhase section */

/* Begin PBXGroup section */
		BC08FC37275B7A410065935C /* Login */ = {
			isa = PBXGroup;
			children = (
				BC35E6F62750BE6B00BB1BA6 /* LoginView.swift */,
			);
			path = Login;
			sourceTree = "<group>";
		};
		BC08FC3A275B7AD80065935C /* Flow */ = {
			isa = PBXGroup;
			children = (
				BC08FC53275B85FF0065935C /* News */,
				BC08FC4A275B80120065935C /* Groups */,
				BC08FC49275B80080065935C /* Users */,
				BC08FC37275B7A410065935C /* Login */,
			);
			path = Flow;
			sourceTree = "<group>";
		};
		BC08FC3B275B7B150065935C /* Extensions */ = {
			isa = PBXGroup;
			children = (
				BC08FC4D275B83570065935C /* UIApplications+Extensions.swift */,
				BC08FC54275B884F0065935C /* FillingDataArrays.swift */,
			);
			path = Extensions;
			sourceTree = "<group>";
		};
		BC08FC3E275B7BA90065935C /* Models */ = {
			isa = PBXGroup;
			children = (
				BC08FC3F275B7BC10065935C /* Group.swift */,
				BC08FC41275B7BCB0065935C /* User.swift */,
				BC08FC56275B88AD0065935C /* News.swift */,
				BC215D3A275B9901005D79F8 /* UserSections.swift */,
			);
			path = Models;
			sourceTree = "<group>";
		};
		BC08FC49275B80080065935C /* Users */ = {
			isa = PBXGroup;
			children = (
				BC08FC47275B7FFC0065935C /* UsersListView.swift */,
				BC08FC58275B903A0065935C /* UserCollection.swift */,
				BC35E7082758B42B00BB1BA6 /* UserCell.swift */,
				BC215D3C275BA176005D79F8 /* UserHeaderSection.swift */,
				BC215D3E275BA368005D79F8 /* UserCellWithSections.swift */,
			);
			path = Users;
			sourceTree = "<group>";
		};
		BC08FC4A275B80120065935C /* Groups */ = {
			isa = PBXGroup;
			children = (
				BC35E70627589EF100BB1BA6 /* GroupCell.swift */,
				BC08FC4B275B80530065935C /* GroupsListView.swift */,
			);
			path = Groups;
			sourceTree = "<group>";
		};
		BC08FC53275B85FF0065935C /* News */ = {
			isa = PBXGroup;
			children = (
				BC08FC51275B85F80065935C /* NewsListView.swift */,
			);
			path = News;
			sourceTree = "<group>";
		};
		BC215D37275B9321005D79F8 /* Modifiers */ = {
			isa = PBXGroup;
			children = (
				BC215D35275B92B9005D79F8 /* AvatarIconModifier.swift */,
				BC215D38275B9354005D79F8 /* CellFrameViewModifier.swift */,
			);
			path = Modifiers;
			sourceTree = "<group>";
		};
		BC35E6E82750BE6B00BB1BA6 = {
			isa = PBXGroup;
			children = (
				BC35E6F32750BE6B00BB1BA6 /* SwiftUI_GB_HomeWork */,
				BC35E6F22750BE6B00BB1BA6 /* Products */,
			);
			sourceTree = "<group>";
		};
		BC35E6F22750BE6B00BB1BA6 /* Products */ = {
			isa = PBXGroup;
			children = (
				BC35E6F12750BE6B00BB1BA6 /* SwiftUI_GB_HomeWork.app */,
			);
			name = Products;
			sourceTree = "<group>";
		};
		BC35E6F32750BE6B00BB1BA6 /* SwiftUI_GB_HomeWork */ = {
			isa = PBXGroup;
			children = (
				BC215D37275B9321005D79F8 /* Modifiers */,
				BC08FC3E275B7BA90065935C /* Models */,
				BC08FC3B275B7B150065935C /* Extensions */,
				BC08FC3A275B7AD80065935C /* Flow */,
				BC35E6F42750BE6B00BB1BA6 /* SwiftUI_GB_HomeWorkApp.swift */,
				BC08FC4F275B84C50065935C /* MainView.swift */,
				BC08FC45275B7FA70065935C /* App.swift */,
				BC35E6F82750BE6D00BB1BA6 /* Assets.xcassets */,
				BC35E6FA2750BE6D00BB1BA6 /* Preview Content */,
			);
			path = SwiftUI_GB_HomeWork;
			sourceTree = "<group>";
		};
		BC35E6FA2750BE6D00BB1BA6 /* Preview Content */ = {
			isa = PBXGroup;
			children = (
				BC35E6FB2750BE6D00BB1BA6 /* Preview Assets.xcassets */,
			);
			path = "Preview Content";
			sourceTree = "<group>";
		};
/* End PBXGroup section */

/* Begin PBXNativeTarget section */
		BC35E6F02750BE6B00BB1BA6 /* SwiftUI_GB_HomeWork */ = {
			isa = PBXNativeTarget;
			buildConfigurationList = BC35E6FF2750BE6D00BB1BA6 /* Build configuration list for PBXNativeTarget "SwiftUI_GB_HomeWork" */;
			buildPhases = (
				BC35E6ED2750BE6B00BB1BA6 /* Sources */,
				BC35E6EE2750BE6B00BB1BA6 /* Frameworks */,
				BC35E6EF2750BE6B00BB1BA6 /* Resources */,
			);
			buildRules = (
			);
			dependencies = (
			);
			name = SwiftUI_GB_HomeWork;
			productName = SwiftUI_GB_HomeWork;
			productReference = BC35E6F12750BE6B00BB1BA6 /* SwiftUI_GB_HomeWork.app */;
			productType = "com.apple.product-type.application";
		};
/* End PBXNativeTarget section */

/* Begin PBXProject section */
		BC35E6E92750BE6B00BB1BA6 /* Project object */ = {
			isa = PBXProject;
			attributes = {
				BuildIndependentTargetsInParallel = 1;
				LastSwiftUpdateCheck = 1310;
				LastUpgradeCheck = 1310;
				TargetAttributes = {
					BC35E6F02750BE6B00BB1BA6 = {
						CreatedOnToolsVersion = 13.1;
					};
				};
			};
			buildConfigurationList = BC35E6EC2750BE6B00BB1BA6 /* Build configuration list for PBXProject "SwiftUI_GB_HomeWork" */;
			compatibilityVersion = "Xcode 13.0";
			developmentRegion = en;
			hasScannedForEncodings = 0;
			knownRegions = (
				en,
				Base,
			);
			mainGroup = BC35E6E82750BE6B00BB1BA6;
			productRefGroup = BC35E6F22750BE6B00BB1BA6 /* Products */;
			projectDirPath = "";
			projectRoot = "";
			targets = (
				BC35E6F02750BE6B00BB1BA6 /* SwiftUI_GB_HomeWork */,
			);
		};
/* End PBXProject section */

/* Begin PBXResourcesBuildPhase section */
		BC35E6EF2750BE6B00BB1BA6 /* Resources */ = {
			isa = PBXResourcesBuildPhase;
			buildActionMask = 2147483647;
			files = (
				BC35E6FC2750BE6D00BB1BA6 /* Preview Assets.xcassets in Resources */,
				BC35E6F92750BE6D00BB1BA6 /* Assets.xcassets in Resources */,
			);
			runOnlyForDeploymentPostprocessing = 0;
		};
/* End PBXResourcesBuildPhase section */

/* Begin PBXSourcesBuildPhase section */
		BC35E6ED2750BE6B00BB1BA6 /* Sources */ = {
			isa = PBXSourcesBuildPhase;
			buildActionMask = 2147483647;
			files = (
				BC215D3F275BA368005D79F8 /* UserCellWithSections.swift in Sources */,
				BC35E7092758B42B00BB1BA6 /* UserCell.swift in Sources */,
				BC08FC52275B85F80065935C /* NewsListView.swift in Sources */,
				BC215D3B275B9901005D79F8 /* UserSections.swift in Sources */,
				BC35E70727589EF100BB1BA6 /* GroupCell.swift in Sources */,
				BC08FC42275B7BCB0065935C /* User.swift in Sources */,
				BC215D39275B9354005D79F8 /* CellFrameViewModifier.swift in Sources */,
				BC08FC57275B88AD0065935C /* News.swift in Sources */,
				BC08FC48275B7FFC0065935C /* UsersListView.swift in Sources */,
				BC35E6F72750BE6B00BB1BA6 /* LoginView.swift in Sources */,
				BC215D3D275BA176005D79F8 /* UserHeaderSection.swift in Sources */,
				BC08FC40275B7BC10065935C /* Group.swift in Sources */,
				BC08FC59275B903A0065935C /* UserCollection.swift in Sources */,
				BC08FC46275B7FA70065935C /* App.swift in Sources */,
				BC08FC50275B84C50065935C /* MainView.swift in Sources */,
				BC35E6F52750BE6B00BB1BA6 /* SwiftUI_GB_HomeWorkApp.swift in Sources */,
				BC08FC4E275B83570065935C /* UIApplications+Extensions.swift in Sources */,
				BC08FC55275B884F0065935C /* FillingDataArrays.swift in Sources */,
				BC08FC4C275B80530065935C /* GroupsListView.swift in Sources */,
				BC215D36275B92B9005D79F8 /* AvatarIconModifier.swift in Sources */,
			);
			runOnlyForDeploymentPostprocessing = 0;
		};
/* End PBXSourcesBuildPhase section */

/* Begin XCBuildConfiguration section */
		BC35E6FD2750BE6D00BB1BA6 /* Debug */ = {
			isa = XCBuildConfiguration;
			buildSettings = {
				ALWAYS_SEARCH_USER_PATHS = NO;
				CLANG_ANALYZER_NONNULL = YES;
				CLANG_ANALYZER_NUMBER_OBJECT_CONVERSION = YES_AGGRESSIVE;
				CLANG_CXX_LANGUAGE_STANDARD = "gnu++17";
				CLANG_CXX_LIBRARY = "libc++";
				CLANG_ENABLE_MODULES = YES;
				CLANG_ENABLE_OBJC_ARC = YES;
				CLANG_ENABLE_OBJC_WEAK = YES;
				CLANG_WARN_BLOCK_CAPTURE_AUTORELEASING = YES;
				CLANG_WARN_BOOL_CONVERSION = YES;
				CLANG_WARN_COMMA = YES;
				CLANG_WARN_CONSTANT_CONVERSION = YES;
				CLANG_WARN_DEPRECATED_OBJC_IMPLEMENTATIONS = YES;
				CLANG_WARN_DIRECT_OBJC_ISA_USAGE = YES_ERROR;
				CLANG_WARN_DOCUMENTATION_COMMENTS = YES;
				CLANG_WARN_EMPTY_BODY = YES;
				CLANG_WARN_ENUM_CONVERSION = YES;
				CLANG_WARN_INFINITE_RECURSION = YES;
				CLANG_WARN_INT_CONVERSION = YES;
				CLANG_WARN_NON_LITERAL_NULL_CONVERSION = YES;
				CLANG_WARN_OBJC_IMPLICIT_RETAIN_SELF = YES;
				CLANG_WARN_OBJC_LITERAL_CONVERSION = YES;
				CLANG_WARN_OBJC_ROOT_CLASS = YES_ERROR;
				CLANG_WARN_QUOTED_INCLUDE_IN_FRAMEWORK_HEADER = YES;
				CLANG_WARN_RANGE_LOOP_ANALYSIS = YES;
				CLANG_WARN_STRICT_PROTOTYPES = YES;
				CLANG_WARN_SUSPICIOUS_MOVE = YES;
				CLANG_WARN_UNGUARDED_AVAILABILITY = YES_AGGRESSIVE;
				CLANG_WARN_UNREACHABLE_CODE = YES;
				CLANG_WARN__DUPLICATE_METHOD_MATCH = YES;
				COPY_PHASE_STRIP = NO;
				DEBUG_INFORMATION_FORMAT = dwarf;
				ENABLE_STRICT_OBJC_MSGSEND = YES;
				ENABLE_TESTABILITY = YES;
				GCC_C_LANGUAGE_STANDARD = gnu11;
				GCC_DYNAMIC_NO_PIC = NO;
				GCC_NO_COMMON_BLOCKS = YES;
				GCC_OPTIMIZATION_LEVEL = 0;
				GCC_PREPROCESSOR_DEFINITIONS = (
					"DEBUG=1",
					"$(inherited)",
				);
				GCC_WARN_64_TO_32_BIT_CONVERSION = YES;
				GCC_WARN_ABOUT_RETURN_TYPE = YES_ERROR;
				GCC_WARN_UNDECLARED_SELECTOR = YES;
				GCC_WARN_UNINITIALIZED_AUTOS = YES_AGGRESSIVE;
				GCC_WARN_UNUSED_FUNCTION = YES;
				GCC_WARN_UNUSED_VARIABLE = YES;
				IPHONEOS_DEPLOYMENT_TARGET = 15.0;
				MTL_ENABLE_DEBUG_INFO = INCLUDE_SOURCE;
				MTL_FAST_MATH = YES;
				ONLY_ACTIVE_ARCH = YES;
				SDKROOT = iphoneos;
				SWIFT_ACTIVE_COMPILATION_CONDITIONS = DEBUG;
				SWIFT_OPTIMIZATION_LEVEL = "-Onone";
			};
			name = Debug;
		};
		BC35E6FE2750BE6D00BB1BA6 /* Release */ = {
			isa = XCBuildConfiguration;
			buildSettings = {
				ALWAYS_SEARCH_USER_PATHS = NO;
				CLANG_ANALYZER_NONNULL = YES;
				CLANG_ANALYZER_NUMBER_OBJECT_CONVERSION = YES_AGGRESSIVE;
				CLANG_CXX_LANGUAGE_STANDARD = "gnu++17";
				CLANG_CXX_LIBRARY = "libc++";
				CLANG_ENABLE_MODULES = YES;
				CLANG_ENABLE_OBJC_ARC = YES;
				CLANG_ENABLE_OBJC_WEAK = YES;
				CLANG_WARN_BLOCK_CAPTURE_AUTORELEASING = YES;
				CLANG_WARN_BOOL_CONVERSION = YES;
				CLANG_WARN_COMMA = YES;
				CLANG_WARN_CONSTANT_CONVERSION = YES;
				CLANG_WARN_DEPRECATED_OBJC_IMPLEMENTATIONS = YES;
				CLANG_WARN_DIRECT_OBJC_ISA_USAGE = YES_ERROR;
				CLANG_WARN_DOCUMENTATION_COMMENTS = YES;
				CLANG_WARN_EMPTY_BODY = YES;
				CLANG_WARN_ENUM_CONVERSION = YES;
				CLANG_WARN_INFINITE_RECURSION = YES;
				CLANG_WARN_INT_CONVERSION = YES;
				CLANG_WARN_NON_LITERAL_NULL_CONVERSION = YES;
				CLANG_WARN_OBJC_IMPLICIT_RETAIN_SELF = YES;
				CLANG_WARN_OBJC_LITERAL_CONVERSION = YES;
				CLANG_WARN_OBJC_ROOT_CLASS = YES_ERROR;
				CLANG_WARN_QUOTED_INCLUDE_IN_FRAMEWORK_HEADER = YES;
				CLANG_WARN_RANGE_LOOP_ANALYSIS = YES;
				CLANG_WARN_STRICT_PROTOTYPES = YES;
				CLANG_WARN_SUSPICIOUS_MOVE = YES;
				CLANG_WARN_UNGUARDED_AVAILABILITY = YES_AGGRESSIVE;
				CLANG_WARN_UNREACHABLE_CODE = YES;
				CLANG_WARN__DUPLICATE_METHOD_MATCH = YES;
				COPY_PHASE_STRIP = NO;
				DEBUG_INFORMATION_FORMAT = "dwarf-with-dsym";
				ENABLE_NS_ASSERTIONS = NO;
				ENABLE_STRICT_OBJC_MSGSEND = YES;
				GCC_C_LANGUAGE_STANDARD = gnu11;
				GCC_NO_COMMON_BLOCKS = YES;
				GCC_WARN_64_TO_32_BIT_CONVERSION = YES;
				GCC_WARN_ABOUT_RETURN_TYPE = YES_ERROR;
				GCC_WARN_UNDECLARED_SELECTOR = YES;
				GCC_WARN_UNINITIALIZED_AUTOS = YES_AGGRESSIVE;
				GCC_WARN_UNUSED_FUNCTION = YES;
				GCC_WARN_UNUSED_VARIABLE = YES;
				IPHONEOS_DEPLOYMENT_TARGET = 15.0;
				MTL_ENABLE_DEBUG_INFO = NO;
				MTL_FAST_MATH = YES;
				SDKROOT = iphoneos;
				SWIFT_COMPILATION_MODE = wholemodule;
				SWIFT_OPTIMIZATION_LEVEL = "-O";
				VALIDATE_PRODUCT = YES;
			};
			name = Release;
		};
		BC35E7002750BE6D00BB1BA6 /* Debug */ = {
			isa = XCBuildConfiguration;
			buildSettings = {
				ASSETCATALOG_COMPILER_APPICON_NAME = AppIcon;
				ASSETCATALOG_COMPILER_GLOBAL_ACCENT_COLOR_NAME = AccentColor;
				CODE_SIGN_STYLE = Automatic;
				CURRENT_PROJECT_VERSION = 1;
				DEVELOPMENT_ASSET_PATHS = "\"SwiftUI_GB_HomeWork/Preview Content\"";
				DEVELOPMENT_TEAM = 6577GL836W;
				ENABLE_PREVIEWS = YES;
				GENERATE_INFOPLIST_FILE = YES;
				INFOPLIST_KEY_UIApplicationSceneManifest_Generation = YES;
				INFOPLIST_KEY_UIApplicationSupportsIndirectInputEvents = YES;
				INFOPLIST_KEY_UILaunchScreen_Generation = YES;
				INFOPLIST_KEY_UISupportedInterfaceOrientations_iPad = "UIInterfaceOrientationPortrait UIInterfaceOrientationPortraitUpsideDown UIInterfaceOrientationLandscapeLeft UIInterfaceOrientationLandscapeRight";
				INFOPLIST_KEY_UISupportedInterfaceOrientations_iPhone = "UIInterfaceOrientationPortrait UIInterfaceOrientationLandscapeLeft UIInterfaceOrientationLandscapeRight";
				LD_RUNPATH_SEARCH_PATHS = (
					"$(inherited)",
					"@executable_path/Frameworks",
				);
				MARKETING_VERSION = 1.0;
				PRODUCT_BUNDLE_IDENTIFIER = "myOrganization.SwiftUI-GB-HomeWork";
				PRODUCT_NAME = "$(TARGET_NAME)";
				SWIFT_EMIT_LOC_STRINGS = YES;
				SWIFT_VERSION = 5.0;
				TARGETED_DEVICE_FAMILY = "1,2";
			};
			name = Debug;
		};
		BC35E7012750BE6D00BB1BA6 /* Release */ = {
			isa = XCBuildConfiguration;
			buildSettings = {
				ASSETCATALOG_COMPILER_APPICON_NAME = AppIcon;
				ASSETCATALOG_COMPILER_GLOBAL_ACCENT_COLOR_NAME = AccentColor;
				CODE_SIGN_STYLE = Automatic;
				CURRENT_PROJECT_VERSION = 1;
				DEVELOPMENT_ASSET_PATHS = "\"SwiftUI_GB_HomeWork/Preview Content\"";
				DEVELOPMENT_TEAM = 6577GL836W;
				ENABLE_PREVIEWS = YES;
				GENERATE_INFOPLIST_FILE = YES;
				INFOPLIST_KEY_UIApplicationSceneManifest_Generation = YES;
				INFOPLIST_KEY_UIApplicationSupportsIndirectInputEvents = YES;
				INFOPLIST_KEY_UILaunchScreen_Generation = YES;
				INFOPLIST_KEY_UISupportedInterfaceOrientations_iPad = "UIInterfaceOrientationPortrait UIInterfaceOrientationPortraitUpsideDown UIInterfaceOrientationLandscapeLeft UIInterfaceOrientationLandscapeRight";
				INFOPLIST_KEY_UISupportedInterfaceOrientations_iPhone = "UIInterfaceOrientationPortrait UIInterfaceOrientationLandscapeLeft UIInterfaceOrientationLandscapeRight";
				LD_RUNPATH_SEARCH_PATHS = (
					"$(inherited)",
					"@executable_path/Frameworks",
				);
				MARKETING_VERSION = 1.0;
				PRODUCT_BUNDLE_IDENTIFIER = "myOrganization.SwiftUI-GB-HomeWork";
				PRODUCT_NAME = "$(TARGET_NAME)";
				SWIFT_EMIT_LOC_STRINGS = YES;
				SWIFT_VERSION = 5.0;
				TARGETED_DEVICE_FAMILY = "1,2";
			};
			name = Release;
		};
/* End XCBuildConfiguration section */

/* Begin XCConfigurationList section */
		BC35E6EC2750BE6B00BB1BA6 /* Build configuration list for PBXProject "SwiftUI_GB_HomeWork" */ = {
			isa = XCConfigurationList;
			buildConfigurations = (
				BC35E6FD2750BE6D00BB1BA6 /* Debug */,
				BC35E6FE2750BE6D00BB1BA6 /* Release */,
			);
			defaultConfigurationIsVisible = 0;
			defaultConfigurationName = Release;
		};
		BC35E6FF2750BE6D00BB1BA6 /* Build configuration list for PBXNativeTarget "SwiftUI_GB_HomeWork" */ = {
			isa = XCConfigurationList;
			buildConfigurations = (
				BC35E7002750BE6D00BB1BA6 /* Debug */,
				BC35E7012750BE6D00BB1BA6 /* Release */,
			);
			defaultConfigurationIsVisible = 0;
			defaultConfigurationName = Release;
		};
/* End XCConfigurationList section */
	};
	rootObject = BC35E6E92750BE6B00BB1BA6 /* Project object */;
}
